// !$*UTF8*$!
{
	archiveVersion = 1;
	classes = {
	};
	objectVersion = 77;
	objects = {

/* Begin PBXContainerItemProxy section */
		595355192DBD403F0083C36C /* PBXContainerItemProxy */ = {
			isa = PBXContainerItemProxy;
			containerPortal = 595355002DBD40380083C36C /* Project object */;
			proxyType = 1;
			remoteGlobalIDString = 595355072DBD40380083C36C;
			remoteInfo = BirthdaysApp;
		};
		595355232DBD403F0083C36C /* PBXContainerItemProxy */ = {
			isa = PBXContainerItemProxy;
			containerPortal = 595355002DBD40380083C36C /* Project object */;
			proxyType = 1;
			remoteGlobalIDString = 595355072DBD40380083C36C;
			remoteInfo = BirthdaysApp;
		};
/* End PBXContainerItemProxy section */

/* Begin PBXFileReference section */
		595355082DBD40380083C36C /* BirthdaysApp.app */ = {isa = PBXFileReference; explicitFileType = wrapper.application; includeInIndex = 0; path = BirthdaysApp.app; sourceTree = BUILT_PRODUCTS_DIR; };
		595355182DBD403F0083C36C /* BirthdaysAppTests.xctest */ = {isa = PBXFileReference; explicitFileType = wrapper.cfbundle; includeInIndex = 0; path = BirthdaysAppTests.xctest; sourceTree = BUILT_PRODUCTS_DIR; };
		595355222DBD403F0083C36C /* BirthdaysAppUITests.xctest */ = {isa = PBXFileReference; explicitFileType = wrapper.cfbundle; includeInIndex = 0; path = BirthdaysAppUITests.xctest; sourceTree = BUILT_PRODUCTS_DIR; };
/* End PBXFileReference section */

/* Begin PBXFileSystemSynchronizedRootGroup section */
		5953550A2DBD40380083C36C /* BirthdaysApp */ = {
			isa = PBXFileSystemSynchronizedRootGroup;
			path = BirthdaysApp;
			sourceTree = "<group>";
		};
		5953551B2DBD403F0083C36C /* BirthdaysAppTests */ = {
			isa = PBXFileSystemSynchronizedRootGroup;
			path = BirthdaysAppTests;
			sourceTree = "<group>";
		};
		595355252DBD403F0083C36C /* BirthdaysAppUITests */ = {
			isa = PBXFileSystemSynchronizedRootGroup;
			path = BirthdaysAppUITests;
			sourceTree = "<group>";
		};
/* End PBXFileSystemSynchronizedRootGroup section */

/* Begin PBXFrameworksBuildPhase section */
		595355052DBD40380083C36C /* Frameworks */ = {
			isa = PBXFrameworksBuildPhase;
			buildActionMask = 2147483647;
			files = (
			);
			runOnlyForDeploymentPostprocessing = 0;
		};
		595355152DBD403F0083C36C /* Frameworks */ = {
			isa = PBXFrameworksBuildPhase;
			buildActionMask = 2147483647;
			files = (
			);
			runOnlyForDeploymentPostprocessing = 0;
		};
		5953551F2DBD403F0083C36C /* Frameworks */ = {
			isa = PBXFrameworksBuildPhase;
			buildActionMask = 2147483647;
			files = (
			);
			runOnlyForDeploymentPostprocessing = 0;
		};
/* End PBXFrameworksBuildPhase section */

/* Begin PBXGroup section */
		595354FF2DBD40380083C36C = {
			isa = PBXGroup;
			children = (
				5953550A2DBD40380083C36C /* BirthdaysApp */,
				5953551B2DBD403F0083C36C /* BirthdaysAppTests */,
				595355252DBD403F0083C36C /* BirthdaysAppUITests */,
				595355092DBD40380083C36C /* Products */,
			);
			sourceTree = "<group>";
		};
		595355092DBD40380083C36C /* Products */ = {
			isa = PBXGroup;
			children = (
				595355082DBD40380083C36C /* BirthdaysApp.app */,
				595355182DBD403F0083C36C /* BirthdaysAppTests.xctest */,
				595355222DBD403F0083C36C /* BirthdaysAppUITests.xctest */,
			);
			name = Products;
			sourceTree = "<group>";
		};
/* End PBXGroup section */

/* Begin PBXNativeTarget section */
		595355072DBD40380083C36C /* BirthdaysApp */ = {
			isa = PBXNativeTarget;
			buildConfigurationList = 5953552C2DBD403F0083C36C /* Build configuration list for PBXNativeTarget "BirthdaysApp" */;
			buildPhases = (
				595355042DBD40380083C36C /* Sources */,
				595355052DBD40380083C36C /* Frameworks */,
				595355062DBD40380083C36C /* Resources */,
			);
			buildRules = (
			);
			dependencies = (
			);
			fileSystemSynchronizedGroups = (
				5953550A2DBD40380083C36C /* BirthdaysApp */,
			);
			name = BirthdaysApp;
			packageProductDependencies = (
			);
			productName = BirthdaysApp;
			productReference = 595355082DBD40380083C36C /* BirthdaysApp.app */;
			productType = "com.apple.product-type.application";
		};
		595355172DBD403F0083C36C /* BirthdaysAppTests */ = {
			isa = PBXNativeTarget;
			buildConfigurationList = 5953552F2DBD403F0083C36C /* Build configuration list for PBXNativeTarget "BirthdaysAppTests" */;
			buildPhases = (
				595355142DBD403F0083C36C /* Sources */,
				595355152DBD403F0083C36C /* Frameworks */,
				595355162DBD403F0083C36C /* Resources */,
			);
			buildRules = (
			);
			dependencies = (
				5953551A2DBD403F0083C36C /* PBXTargetDependency */,
			);
			fileSystemSynchronizedGroups = (
				5953551B2DBD403F0083C36C /* BirthdaysAppTests */,
			);
			name = BirthdaysAppTests;
			packageProductDependencies = (
			);
			productName = BirthdaysAppTests;
			productReference = 595355182DBD403F0083C36C /* BirthdaysAppTests.xctest */;
			productType = "com.apple.product-type.bundle.unit-test";
		};
		595355212DBD403F0083C36C /* BirthdaysAppUITests */ = {
			isa = PBXNativeTarget;
			buildConfigurationList = 595355322DBD403F0083C36C /* Build configuration list for PBXNativeTarget "BirthdaysAppUITests" */;
			buildPhases = (
				5953551E2DBD403F0083C36C /* Sources */,
				5953551F2DBD403F0083C36C /* Frameworks */,
				595355202DBD403F0083C36C /* Resources */,
			);
			buildRules = (
			);
			dependencies = (
				595355242DBD403F0083C36C /* PBXTargetDependency */,
			);
			fileSystemSynchronizedGroups = (
				595355252DBD403F0083C36C /* BirthdaysAppUITests */,
			);
			name = BirthdaysAppUITests;
			packageProductDependencies = (
			);
			productName = BirthdaysAppUITests;
			productReference = 595355222DBD403F0083C36C /* BirthdaysAppUITests.xctest */;
			productType = "com.apple.product-type.bundle.ui-testing";
		};
/* End PBXNativeTarget section */

/* Begin PBXProject section */
		595355002DBD40380083C36C /* Project object */ = {
			isa = PBXProject;
			attributes = {
				BuildIndependentTargetsInParallel = 1;
				LastSwiftUpdateCheck = 1620;
				LastUpgradeCheck = 1620;
				TargetAttributes = {
					595355072DBD40380083C36C = {
						CreatedOnToolsVersion = 16.2;
					};
					595355172DBD403F0083C36C = {
						CreatedOnToolsVersion = 16.2;
						TestTargetID = 595355072DBD40380083C36C;
					};
					595355212DBD403F0083C36C = {
						CreatedOnToolsVersion = 16.2;
						TestTargetID = 595355072DBD40380083C36C;
					};
				};
			};
			buildConfigurationList = 595355032DBD40380083C36C /* Build configuration list for PBXProject "BirthdaysApp" */;
			developmentRegion = en;
			hasScannedForEncodings = 0;
			knownRegions = (
				en,
				Base,
			);
			mainGroup = 595354FF2DBD40380083C36C;
			minimizedProjectReferenceProxies = 1;
			preferredProjectObjectVersion = 77;
			productRefGroup = 595355092DBD40380083C36C /* Products */;
			projectDirPath = "";
			projectRoot = "";
			targets = (
				595355072DBD40380083C36C /* BirthdaysApp */,
				595355172DBD403F0083C36C /* BirthdaysAppTests */,
				595355212DBD403F0083C36C /* BirthdaysAppUITests */,
			);
		};
/* End PBXProject section */

/* Begin PBXResourcesBuildPhase section */
		595355062DBD40380083C36C /* Resources */ = {
			isa = PBXResourcesBuildPhase;
			buildActionMask = 2147483647;
			files = (
			);
			runOnlyForDeploymentPostprocessing = 0;
		};
		595355162DBD403F0083C36C /* Resources */ = {
			isa = PBXResourcesBuildPhase;
			buildActionMask = 2147483647;
			files = (
			);
			runOnlyForDeploymentPostprocessing = 0;
		};
		595355202DBD403F0083C36C /* Resources */ = {
			isa = PBXResourcesBuildPhase;
			buildActionMask = 2147483647;
			files = (
			);
			runOnlyForDeploymentPostprocessing = 0;
		};
/* End PBXResourcesBuildPhase section */

/* Begin PBXSourcesBuildPhase section */
		595355042DBD40380083C36C /* Sources */ = {
			isa = PBXSourcesBuildPhase;
			buildActionMask = 2147483647;
			files = (
			);
			runOnlyForDeploymentPostprocessing = 0;
		};
		595355142DBD403F0083C36C /* Sources */ = {
			isa = PBXSourcesBuildPhase;
			buildActionMask = 2147483647;
			files = (
			);
			runOnlyForDeploymentPostprocessing = 0;
		};
		5953551E2DBD403F0083C36C /* Sources */ = {
			isa = PBXSourcesBuildPhase;
			buildActionMask = 2147483647;
			files = (
			);
			runOnlyForDeploymentPostprocessing = 0;
		};
/* End PBXSourcesBuildPhase section */

/* Begin PBXTargetDependency section */
		5953551A2DBD403F0083C36C /* PBXTargetDependency */ = {
			isa = PBXTargetDependency;
			target = 595355072DBD40380083C36C /* BirthdaysApp */;
			targetProxy = 595355192DBD403F0083C36C /* PBXContainerItemProxy */;
		};
		595355242DBD403F0083C36C /* PBXTargetDependency */ = {
			isa = PBXTargetDependency;
			target = 595355072DBD40380083C36C /* BirthdaysApp */;
			targetProxy = 595355232DBD403F0083C36C /* PBXContainerItemProxy */;
		};
/* End PBXTargetDependency section */

/* Begin XCBuildConfiguration section */
		5953552A2DBD403F0083C36C /* Debug */ = {
			isa = XCBuildConfiguration;
			buildSettings = {
				ALWAYS_SEARCH_USER_PATHS = NO;
				ASSETCATALOG_COMPILER_GENERATE_SWIFT_ASSET_SYMBOL_EXTENSIONS = YES;
				CLANG_ANALYZER_NONNULL = YES;
				CLANG_ANALYZER_NUMBER_OBJECT_CONVERSION = YES_AGGRESSIVE;
				CLANG_CXX_LANGUAGE_STANDARD = "gnu++20";
				CLANG_ENABLE_MODULES = YES;
				CLANG_ENABLE_OBJC_ARC = YES;
				CLANG_ENABLE_OBJC_WEAK = YES;
				CLANG_WARN_BLOCK_CAPTURE_AUTORELEASING = YES;
				CLANG_WARN_BOOL_CONVERSION = YES;
				CLANG_WARN_COMMA = YES;
				CLANG_WARN_CONSTANT_CONVERSION = YES;
				CLANG_WARN_DEPRECATED_OBJC_IMPLEMENTATIONS = YES;
				CLANG_WARN_DIRECT_OBJC_ISA_USAGE = YES_ERROR;
				CLANG_WARN_DOCUMENTATION_COMMENTS = YES;
				CLANG_WARN_EMPTY_BODY = YES;
				CLANG_WARN_ENUM_CONVERSION = YES;
				CLANG_WARN_INFINITE_RECURSION = YES;
				CLANG_WARN_INT_CONVERSION = YES;
				CLANG_WARN_NON_LITERAL_NULL_CONVERSION = YES;
				CLANG_WARN_OBJC_IMPLICIT_RETAIN_SELF = YES;
				CLANG_WARN_OBJC_LITERAL_CONVERSION = YES;
				CLANG_WARN_OBJC_ROOT_CLASS = YES_ERROR;
				CLANG_WARN_QUOTED_INCLUDE_IN_FRAMEWORK_HEADER = YES;
				CLANG_WARN_RANGE_LOOP_ANALYSIS = YES;
				CLANG_WARN_STRICT_PROTOTYPES = YES;
				CLANG_WARN_SUSPICIOUS_MOVE = YES;
				CLANG_WARN_UNGUARDED_AVAILABILITY = YES_AGGRESSIVE;
				CLANG_WARN_UNREACHABLE_CODE = YES;
				CLANG_WARN__DUPLICATE_METHOD_MATCH = YES;
				COPY_PHASE_STRIP = NO;
				DEBUG_INFORMATION_FORMAT = dwarf;
				ENABLE_STRICT_OBJC_MSGSEND = YES;
				ENABLE_TESTABILITY = YES;
				ENABLE_USER_SCRIPT_SANDBOXING = YES;
				GCC_C_LANGUAGE_STANDARD = gnu17;
				GCC_DYNAMIC_NO_PIC = NO;
				GCC_NO_COMMON_BLOCKS = YES;
				GCC_OPTIMIZATION_LEVEL = 0;
				GCC_PREPROCESSOR_DEFINITIONS = (
					"DEBUG=1",
					"$(inherited)",
				);
				GCC_WARN_64_TO_32_BIT_CONVERSION = YES;
				GCC_WARN_ABOUT_RETURN_TYPE = YES_ERROR;
				GCC_WARN_UNDECLARED_SELECTOR = YES;
				GCC_WARN_UNINITIALIZED_AUTOS = YES_AGGRESSIVE;
				GCC_WARN_UNUSED_FUNCTION = YES;
				GCC_WARN_UNUSED_VARIABLE = YES;
				IPHONEOS_DEPLOYMENT_TARGET = 18.2;
				LOCALIZATION_PREFERS_STRING_CATALOGS = YES;
				MTL_ENABLE_DEBUG_INFO = INCLUDE_SOURCE;
				MTL_FAST_MATH = YES;
				ONLY_ACTIVE_ARCH = YES;
				SDKROOT = iphoneos;
				SWIFT_ACTIVE_COMPILATION_CONDITIONS = "DEBUG $(inherited)";
				SWIFT_OPTIMIZATION_LEVEL = "-Onone";
			};
			name = Debug;
		};
		5953552B2DBD403F0083C36C /* Release */ = {
			isa = XCBuildConfiguration;
			buildSettings = {
				ALWAYS_SEARCH_USER_PATHS = NO;
				ASSETCATALOG_COMPILER_GENERATE_SWIFT_ASSET_SYMBOL_EXTENSIONS = YES;
				CLANG_ANALYZER_NONNULL = YES;
				CLANG_ANALYZER_NUMBER_OBJECT_CONVERSION = YES_AGGRESSIVE;
				CLANG_CXX_LANGUAGE_STANDARD = "gnu++20";
				CLANG_ENABLE_MODULES = YES;
				CLANG_ENABLE_OBJC_ARC = YES;
				CLANG_ENABLE_OBJC_WEAK = YES;
				CLANG_WARN_BLOCK_CAPTURE_AUTORELEASING = YES;
				CLANG_WARN_BOOL_CONVERSION = YES;
				CLANG_WARN_COMMA = YES;
				CLANG_WARN_CONSTANT_CONVERSION = YES;
				CLANG_WARN_DEPRECATED_OBJC_IMPLEMENTATIONS = YES;
				CLANG_WARN_DIRECT_OBJC_ISA_USAGE = YES_ERROR;
				CLANG_WARN_DOCUMENTATION_COMMENTS = YES;
				CLANG_WARN_EMPTY_BODY = YES;
				CLANG_WARN_ENUM_CONVERSION = YES;
				CLANG_WARN_INFINITE_RECURSION = YES;
				CLANG_WARN_INT_CONVERSION = YES;
				CLANG_WARN_NON_LITERAL_NULL_CONVERSION = YES;
				CLANG_WARN_OBJC_IMPLICIT_RETAIN_SELF = YES;
				CLANG_WARN_OBJC_LITERAL_CONVERSION = YES;
				CLANG_WARN_OBJC_ROOT_CLASS = YES_ERROR;
				CLANG_WARN_QUOTED_INCLUDE_IN_FRAMEWORK_HEADER = YES;
				CLANG_WARN_RANGE_LOOP_ANALYSIS = YES;
				CLANG_WARN_STRICT_PROTOTYPES = YES;
				CLANG_WARN_SUSPICIOUS_MOVE = YES;
				CLANG_WARN_UNGUARDED_AVAILABILITY = YES_AGGRESSIVE;
				CLANG_WARN_UNREACHABLE_CODE = YES;
				CLANG_WARN__DUPLICATE_METHOD_MATCH = YES;
				COPY_PHASE_STRIP = NO;
				DEBUG_INFORMATION_FORMAT = "dwarf-with-dsym";
				ENABLE_NS_ASSERTIONS = NO;
				ENABLE_STRICT_OBJC_MSGSEND = YES;
				ENABLE_USER_SCRIPT_SANDBOXING = YES;
				GCC_C_LANGUAGE_STANDARD = gnu17;
				GCC_NO_COMMON_BLOCKS = YES;
				GCC_WARN_64_TO_32_BIT_CONVERSION = YES;
				GCC_WARN_ABOUT_RETURN_TYPE = YES_ERROR;
				GCC_WARN_UNDECLARED_SELECTOR = YES;
				GCC_WARN_UNINITIALIZED_AUTOS = YES_AGGRESSIVE;
				GCC_WARN_UNUSED_FUNCTION = YES;
				GCC_WARN_UNUSED_VARIABLE = YES;
				IPHONEOS_DEPLOYMENT_TARGET = 18.2;
				LOCALIZATION_PREFERS_STRING_CATALOGS = YES;
				MTL_ENABLE_DEBUG_INFO = NO;
				MTL_FAST_MATH = YES;
				SDKROOT = iphoneos;
				SWIFT_COMPILATION_MODE = wholemodule;
				VALIDATE_PRODUCT = YES;
			};
			name = Release;
		};
		5953552D2DBD403F0083C36C /* Debug */ = {
			isa = XCBuildConfiguration;
			buildSettings = {
				ASSETCATALOG_COMPILER_APPICON_NAME = AppIcon;
				ASSETCATALOG_COMPILER_GLOBAL_ACCENT_COLOR_NAME = AccentColor;
				CODE_SIGN_STYLE = Automatic;
				CURRENT_PROJECT_VERSION = 1;
				DEVELOPMENT_ASSET_PATHS = "\"BirthdaysApp/Preview Content\"";
				ENABLE_PREVIEWS = YES;
				GENERATE_INFOPLIST_FILE = YES;
				INFOPLIST_KEY_UIApplicationSceneManifest_Generation = YES;
				INFOPLIST_KEY_UIApplicationSupportsIndirectInputEvents = YES;
				INFOPLIST_KEY_UILaunchScreen_Generation = YES;
				INFOPLIST_KEY_UISupportedInterfaceOrientations_iPad = "UIInterfaceOrientationPortrait UIInterfaceOrientationPortraitUpsideDown UIInterfaceOrientationLandscapeLeft UIInterfaceOrientationLandscapeRight";
				INFOPLIST_KEY_UISupportedInterfaceOrientations_iPhone = "UIInterfaceOrientationPortrait UIInterfaceOrientationLandscapeLeft UIInterfaceOrientationLandscapeRight";
				LD_RUNPATH_SEARCH_PATHS = (
					"$(inherited)",
					"@executable_path/Frameworks",
				);
				MARKETING_VERSION = 1.0;
				PRODUCT_BUNDLE_IDENTIFIER = com.indiapoetzscher.BirthdaysApp;
				PRODUCT_NAME = "$(TARGET_NAME)";
				SWIFT_EMIT_LOC_STRINGS = YES;
				SWIFT_VERSION = 5.0;
				TARGETED_DEVICE_FAMILY = "1,2";
			};
			name = Debug;
		};
		5953552E2DBD403F0083C36C /* Release */ = {
			isa = XCBuildConfiguration;
			buildSettings = {
				ASSETCATALOG_COMPILER_APPICON_NAME = AppIcon;
				ASSETCATALOG_COMPILER_GLOBAL_ACCENT_COLOR_NAME = AccentColor;
				CODE_SIGN_STYLE = Automatic;
				CURRENT_PROJECT_VERSION = 1;
				DEVELOPMENT_ASSET_PATHS = "\"BirthdaysApp/Preview Content\"";
				ENABLE_PREVIEWS = YES;
				GENERATE_INFOPLIST_FILE = YES;
				INFOPLIST_KEY_UIApplicationSceneManifest_Generation = YES;
				INFOPLIST_KEY_UIApplicationSupportsIndirectInputEvents = YES;
				INFOPLIST_KEY_UILaunchScreen_Generation = YES;
				INFOPLIST_KEY_UISupportedInterfaceOrientations_iPad = "UIInterfaceOrientationPortrait UIInterfaceOrientationPortraitUpsideDown UIInterfaceOrientationLandscapeLeft UIInterfaceOrientationLandscapeRight";
				INFOPLIST_KEY_UISupportedInterfaceOrientations_iPhone = "UIInterfaceOrientationPortrait UIInterfaceOrientationLandscapeLeft UIInterfaceOrientationLandscapeRight";
				LD_RUNPATH_SEARCH_PATHS = (
					"$(inherited)",
					"@executable_path/Frameworks",
				);
				MARKETING_VERSION = 1.0;
				PRODUCT_BUNDLE_IDENTIFIER = com.indiapoetzscher.BirthdaysApp;
				PRODUCT_NAME = "$(TARGET_NAME)";
				SWIFT_EMIT_LOC_STRINGS = YES;
				SWIFT_VERSION = 5.0;
				TARGETED_DEVICE_FAMILY = "1,2";
			};
			name = Release;
		};
		595355302DBD403F0083C36C /* Debug */ = {
			isa = XCBuildConfiguration;
			buildSettings = {
				BUNDLE_LOADER = "$(TEST_HOST)";
				CODE_SIGN_STYLE = Automatic;
				CURRENT_PROJECT_VERSION = 1;
				GENERATE_INFOPLIST_FILE = YES;
				IPHONEOS_DEPLOYMENT_TARGET = 18.2;
				MARKETING_VERSION = 1.0;
				PRODUCT_BUNDLE_IDENTIFIER = com.indiapoetzscher.BirthdaysAppTests;
				PRODUCT_NAME = "$(TARGET_NAME)";
				SWIFT_EMIT_LOC_STRINGS = NO;
				SWIFT_VERSION = 5.0;
				TARGETED_DEVICE_FAMILY = "1,2";
				TEST_HOST = "$(BUILT_PRODUCTS_DIR)/BirthdaysApp.app/$(BUNDLE_EXECUTABLE_FOLDER_PATH)/BirthdaysApp";
			};
			name = Debug;
		};
		595355312DBD403F0083C36C /* Release */ = {
			isa = XCBuildConfiguration;
			buildSettings = {
				BUNDLE_LOADER = "$(TEST_HOST)";
				CODE_SIGN_STYLE = Automatic;
				CURRENT_PROJECT_VERSION = 1;
				GENERATE_INFOPLIST_FILE = YES;
				IPHONEOS_DEPLOYMENT_TARGET = 18.2;
				MARKETING_VERSION = 1.0;
				PRODUCT_BUNDLE_IDENTIFIER = com.indiapoetzscher.BirthdaysAppTests;
				PRODUCT_NAME = "$(TARGET_NAME)";
				SWIFT_EMIT_LOC_STRINGS = NO;
				SWIFT_VERSION = 5.0;
				TARGETED_DEVICE_FAMILY = "1,2";
				TEST_HOST = "$(BUILT_PRODUCTS_DIR)/BirthdaysApp.app/$(BUNDLE_EXECUTABLE_FOLDER_PATH)/BirthdaysApp";
			};
			name = Release;
		};
		595355332DBD403F0083C36C /* Debug */ = {
			isa = XCBuildConfiguration;
			buildSettings = {
				CODE_SIGN_STYLE = Automatic;
				CURRENT_PROJECT_VERSION = 1;
				GENERATE_INFOPLIST_FILE = YES;
				MARKETING_VERSION = 1.0;
				PRODUCT_BUNDLE_IDENTIFIER = com.indiapoetzscher.BirthdaysAppUITests;
				PRODUCT_NAME = "$(TARGET_NAME)";
				SWIFT_EMIT_LOC_STRINGS = NO;
				SWIFT_VERSION = 5.0;
				TARGETED_DEVICE_FAMILY = "1,2";
				TEST_TARGET_NAME = BirthdaysApp;
			};
			name = Debug;
		};
		595355342DBD403F0083C36C /* Release */ = {
			isa = XCBuildConfiguration;
			buildSettings = {
				CODE_SIGN_STYLE = Automatic;
				CURRENT_PROJECT_VERSION = 1;
				GENERATE_INFOPLIST_FILE = YES;
				MARKETING_VERSION = 1.0;
				PRODUCT_BUNDLE_IDENTIFIER = com.indiapoetzscher.BirthdaysAppUITests;
				PRODUCT_NAME = "$(TARGET_NAME)";
				SWIFT_EMIT_LOC_STRINGS = NO;
				SWIFT_VERSION = 5.0;
				TARGETED_DEVICE_FAMILY = "1,2";
				TEST_TARGET_NAME = BirthdaysApp;
			};
			name = Release;
		};
/* End XCBuildConfiguration section */

/* Begin XCConfigurationList section */
		595355032DBD40380083C36C /* Build configuration list for PBXProject "BirthdaysApp" */ = {
			isa = XCConfigurationList;
			buildConfigurations = (
				5953552A2DBD403F0083C36C /* Debug */,
				5953552B2DBD403F0083C36C /* Release */,
			);
			defaultConfigurationIsVisible = 0;
			defaultConfigurationName = Release;
		};
		5953552C2DBD403F0083C36C /* Build configuration list for PBXNativeTarget "BirthdaysApp" */ = {
			isa = XCConfigurationList;
			buildConfigurations = (
				5953552D2DBD403F0083C36C /* Debug */,
				5953552E2DBD403F0083C36C /* Release */,
			);
			defaultConfigurationIsVisible = 0;
			defaultConfigurationName = Release;
		};
		5953552F2DBD403F0083C36C /* Build configuration list for PBXNativeTarget "BirthdaysAppTests" */ = {
			isa = XCConfigurationList;
			buildConfigurations = (
				595355302DBD403F0083C36C /* Debug */,
				595355312DBD403F0083C36C /* Release */,
			);
			defaultConfigurationIsVisible = 0;
			defaultConfigurationName = Release;
		};
		595355322DBD403F0083C36C /* Build configuration list for PBXNativeTarget "BirthdaysAppUITests" */ = {
			isa = XCConfigurationList;
			buildConfigurations = (
				595355332DBD403F0083C36C /* Debug */,
				595355342DBD403F0083C36C /* Release */,
			);
			defaultConfigurationIsVisible = 0;
			defaultConfigurationName = Release;
		};
/* End XCConfigurationList section */
	};
	rootObject = 595355002DBD40380083C36C /* Project object */;
}
